
Microsoft Visual Studio Solution File, Format Version 12.00
# Visual Studio Version 17
VisualStudioVersion = 17.8.34525.116
MinimumVisualStudioVersion = 10.0.40219.1
Project("{9A19103F-16F7-4668-BE54-9A1E7A4F7556}") = "Voda", "Voda\Voda.csproj", "{37DC691C-95A2-4321-89A1-DA9A5E7C8A65}"
EndProject
Global
	GlobalSection(SolutionConfigurationPlatforms) = preSolution
		Debug|Any CPU = Debug|Any CPU
		Release|Any CPU = Release|Any CPU
	EndGlobalSection
	GlobalSection(ProjectConfigurationPlatforms) = postSolution
		{37DC691C-95A2-4321-89A1-DA9A5E7C8A65}.Debug|Any CPU.ActiveCfg = Debug|Any CPU
		{37DC691C-95A2-4321-89A1-DA9A5E7C8A65}.Debug|Any CPU.Build.0 = Debug|Any CPU
		{37DC691C-95A2-4321-89A1-DA9A5E7C8A65}.Release|Any CPU.ActiveCfg = Release|Any CPU
		{37DC691C-95A2-4321-89A1-DA9A5E7C8A65}.Release|Any CPU.Build.0 = Release|Any CPU
	EndGlobalSection
	GlobalSection(SolutionProperties) = preSolution
		HideSolutionNode = FALSE
	EndGlobalSection
	GlobalSection(ExtensibilityGlobals) = postSolution
		SolutionGuid = {926E2529-85E7-46D6-BB1E-0E368C890E7A}
	EndGlobalSection
EndGlobal
